Microsoft Visual Studio Solution File, Format Version 12.00
# Visual Studio Version 17
VisualStudioVersion = 17.5.2.0
MinimumVisualStudioVersion = 10.0.40219.1
Project("{FAE04EC0-301F-11D3-BF4B-00C04F79EFBC}") = "GeoTableReports", "GeoTableReports.csproj", "{56149DD5-636F-0DC8-04F0-402D40A61013}"
EndProject
Global
	GlobalSection(SolutionConfigurationPlatforms) = preSolution
		Debug|Any CPU = Debug|Any CPU
		Release|Any CPU = Release|Any CPU
	EndGlobalSection
	GlobalSection(ProjectConfigurationPlatforms) = postSolution
		{56149DD5-636F-0DC8-04F0-402D40A61013}.Debug|Any CPU.ActiveCfg = Debug|Any CPU
		{56149DD5-636F-0DC8-04F0-402D40A61013}.Debug|Any CPU.Build.0 = Debug|Any CPU
		{56149DD5-636F-0DC8-04F0-402D40A61013}.Release|Any CPU.ActiveCfg = Release|Any CPU
		{56149DD5-636F-0DC8-04F0-402D40A61013}.Release|Any CPU.Build.0 = Release|Any CPU
	EndGlobalSection
	GlobalSection(SolutionProperties) = preSolution
		HideSolutionNode = FALSE
	EndGlobalSection
	GlobalSection(ExtensibilityGlobals) = postSolution
		SolutionGuid = {4BCE2624-EFB7-46EA-9B75-92A05C0B5961}
	EndGlobalSection
EndGlobal
